
Microsoft Visual Studio Solution File, Format Version 12.00
# Visual Studio Version 16
VisualStudioVersion = 16.0.33529.622
MinimumVisualStudioVersion = 10.0.40219.1
Project("{FC65038C-1B2F-41E1-A629-BED71D161FFF}") = "MBMar18 (USR) [MBMar18Model]", "MBMar18\MBMar18.rnrproj", "{4ED61CF9-E26F-49B8-8CA5-FE85421D3858}"
EndProject
Global
	GlobalSection(SolutionConfigurationPlatforms) = preSolution
		Debug|Any CPU = Debug|Any CPU
	EndGlobalSection
	GlobalSection(ProjectConfigurationPlatforms) = postSolution
		{4ED61CF9-E26F-49B8-8CA5-FE85421D3858}.Debug|Any CPU.ActiveCfg = Debug|Any CPU
		{4ED61CF9-E26F-49B8-8CA5-FE85421D3858}.Debug|Any CPU.Build.0 = Debug|Any CPU
	EndGlobalSection
	GlobalSection(SolutionProperties) = preSolution
		HideSolutionNode = FALSE
	EndGlobalSection
	GlobalSection(ExtensibilityGlobals) = postSolution
		SolutionGuid = {C15DCE74-B319-4BA8-BECC-AC60CA711650}
	EndGlobalSection
EndGlobal
